{
  "name": "mcp-to-openai-tool-schema-lab",
  "version": "0.1.0",
  "lockfileVersion": 3,
  "requires": true,
  "packages": {
    "": {
      "name": "mcp-to-openai-tool-schema-lab",
      "version": "0.1.0",
      "license": "MIT",
      "bin": {
        "mcp-tool-schema-lab": "bin/mcp-tool-schema-lab.js"
      },
      "engines": {
        "node": ">=18"
      }
    }
  }
}
